
Microsoft Visual Studio Solution File, Format Version 12.00
# Visual Studio Version 17
VisualStudioVersion = 17.4.33213.308
MinimumVisualStudioVersion = 10.0.40219.1
Project("{8BC9CEB8-8B4A-11D0-8D11-00A0C91BC942}") = "b", "Project1\Project1.vcxproj", "{56A57A6D-BB09-4B37-81B1-25A908A0D5F5}"
EndProject
Project("{8BC9CEB8-8B4A-11D0-8D11-00A0C91BC942}") = "Project4", "Project4\Project4.vcxproj", "{7B278A89-B986-4E6B-B0AA-DF3C2B69C752}"
EndProject
Project("{8BC9CEB8-8B4A-11D0-8D11-00A0C91BC942}") = "Project5", "Project5\Project5.vcxproj", "{8FDD8466-692A-4133-B43B-7ADD9F50DD55}"
EndProject
Global
	GlobalSection(SolutionConfigurationPlatforms) = preSolution
		Debug|x64 = Debug|x64
		Debug|x86 = Debug|x86
		Release|x64 = Release|x64
		Release|x86 = Release|x86
	EndGlobalSection
	GlobalSection(ProjectConfigurationPlatforms) = postSolution
		{56A57A6D-BB09-4B37-81B1-25A908A0D5F5}.Debug|x64.ActiveCfg = Debug|x64
		{56A57A6D-BB09-4B37-81B1-25A908A0D5F5}.Debug|x64.Build.0 = Debug|x64
		{56A57A6D-BB09-4B37-81B1-25A908A0D5F5}.Debug|x86.ActiveCfg = Debug|Win32
		{56A57A6D-BB09-4B37-81B1-25A908A0D5F5}.Debug|x86.Build.0 = Debug|Win32
		{56A57A6D-BB09-4B37-81B1-25A908A0D5F5}.Release|x64.ActiveCfg = Release|x64
		{56A57A6D-BB09-4B37-81B1-25A908A0D5F5}.Release|x64.Build.0 = Release|x64
		{56A57A6D-BB09-4B37-81B1-25A908A0D5F5}.Release|x86.ActiveCfg = Release|Win32
		{56A57A6D-BB09-4B37-81B1-25A908A0D5F5}.Release|x86.Build.0 = Release|Win32
		{7B278A89-B986-4E6B-B0AA-DF3C2B69C752}.Debug|x64.ActiveCfg = Debug|x64
		{7B278A89-B986-4E6B-B0AA-DF3C2B69C752}.Debug|x64.Build.0 = Debug|x64
		{7B278A89-B986-4E6B-B0AA-DF3C2B69C752}.Debug|x86.ActiveCfg = Debug|Win32
		{7B278A89-B986-4E6B-B0AA-DF3C2B69C752}.Debug|x86.Build.0 = Debug|Win32
		{7B278A89-B986-4E6B-B0AA-DF3C2B69C752}.Release|x64.ActiveCfg = Release|x64
		{7B278A89-B986-4E6B-B0AA-DF3C2B69C752}.Release|x64.Build.0 = Release|x64
		{7B278A89-B986-4E6B-B0AA-DF3C2B69C752}.Release|x86.ActiveCfg = Release|Win32
		{7B278A89-B986-4E6B-B0AA-DF3C2B69C752}.Release|x86.Build.0 = Release|Win32
		{8FDD8466-692A-4133-B43B-7ADD9F50DD55}.Debug|x64.ActiveCfg = Debug|x64
		{8FDD8466-692A-4133-B43B-7ADD9F50DD55}.Debug|x64.Build.0 = Debug|x64
		{8FDD8466-692A-4133-B43B-7ADD9F50DD55}.Debug|x86.ActiveCfg = Debug|Win32
		{8FDD8466-692A-4133-B43B-7ADD9F50DD55}.Debug|x86.Build.0 = Debug|Win32
		{8FDD8466-692A-4133-B43B-7ADD9F50DD55}.Release|x64.ActiveCfg = Release|x64
		{8FDD8466-692A-4133-B43B-7ADD9F50DD55}.Release|x64.Build.0 = Release|x64
		{8FDD8466-692A-4133-B43B-7ADD9F50DD55}.Release|x86.ActiveCfg = Release|Win32
		{8FDD8466-692A-4133-B43B-7ADD9F50DD55}.Release|x86.Build.0 = Release|Win32
	EndGlobalSection
	GlobalSection(SolutionProperties) = preSolution
		HideSolutionNode = FALSE
	EndGlobalSection
	GlobalSection(ExtensibilityGlobals) = postSolution
		SolutionGuid = {A6C6E5C1-04CC-47EB-ABCD-2D18209436B1}
	EndGlobalSection
EndGlobal
