
Microsoft Visual Studio Solution File, Format Version 12.00
# Visual Studio Version 17
VisualStudioVersion = 17.4.33213.308
MinimumVisualStudioVersion = 10.0.40219.1
Project("{8BC9CEB8-8B4A-11D0-8D11-00A0C91BC942}") = "battle ship", "battle ship\battle ship.vcxproj", "{ECC4E8B8-C787-4305-BD36-D139409D2FFE}"
EndProject
Project("{8BC9CEB8-8B4A-11D0-8D11-00A0C91BC942}") = "2", "2\2.vcxproj", "{ACD0E910-8817-4788-80DC-24105BDD75A6}"
EndProject
Project("{8BC9CEB8-8B4A-11D0-8D11-00A0C91BC942}") = "b", "Project1\Project1.vcxproj", "{56A57A6D-BB09-4B37-81B1-25A908A0D5F5}"
EndProject
Project("{8BC9CEB8-8B4A-11D0-8D11-00A0C91BC942}") = "Project2", "Project2\Project2.vcxproj", "{8FA5D9BC-AA95-4481-A678-885DB2A49C22}"
EndProject
Global
	GlobalSection(SolutionConfigurationPlatforms) = preSolution
		Debug|x64 = Debug|x64
		Debug|x86 = Debug|x86
		Release|x64 = Release|x64
		Release|x86 = Release|x86
	EndGlobalSection
	GlobalSection(ProjectConfigurationPlatforms) = postSolution
		{ECC4E8B8-C787-4305-BD36-D139409D2FFE}.Debug|x64.ActiveCfg = Debug|x64
		{ECC4E8B8-C787-4305-BD36-D139409D2FFE}.Debug|x64.Build.0 = Debug|x64
		{ECC4E8B8-C787-4305-BD36-D139409D2FFE}.Debug|x86.ActiveCfg = Debug|Win32
		{ECC4E8B8-C787-4305-BD36-D139409D2FFE}.Debug|x86.Build.0 = Debug|Win32
		{ECC4E8B8-C787-4305-BD36-D139409D2FFE}.Release|x64.ActiveCfg = Release|x64
		{ECC4E8B8-C787-4305-BD36-D139409D2FFE}.Release|x64.Build.0 = Release|x64
		{ECC4E8B8-C787-4305-BD36-D139409D2FFE}.Release|x86.ActiveCfg = Release|Win32
		{ECC4E8B8-C787-4305-BD36-D139409D2FFE}.Release|x86.Build.0 = Release|Win32
		{ACD0E910-8817-4788-80DC-24105BDD75A6}.Debug|x64.ActiveCfg = Debug|x64
		{ACD0E910-8817-4788-80DC-24105BDD75A6}.Debug|x64.Build.0 = Debug|x64
		{ACD0E910-8817-4788-80DC-24105BDD75A6}.Debug|x86.ActiveCfg = Debug|Win32
		{ACD0E910-8817-4788-80DC-24105BDD75A6}.Debug|x86.Build.0 = Debug|Win32
		{ACD0E910-8817-4788-80DC-24105BDD75A6}.Release|x64.ActiveCfg = Release|x64
		{ACD0E910-8817-4788-80DC-24105BDD75A6}.Release|x64.Build.0 = Release|x64
		{ACD0E910-8817-4788-80DC-24105BDD75A6}.Release|x86.ActiveCfg = Release|Win32
		{ACD0E910-8817-4788-80DC-24105BDD75A6}.Release|x86.Build.0 = Release|Win32
		{56A57A6D-BB09-4B37-81B1-25A908A0D5F5}.Debug|x64.ActiveCfg = Debug|x64
		{56A57A6D-BB09-4B37-81B1-25A908A0D5F5}.Debug|x64.Build.0 = Debug|x64
		{56A57A6D-BB09-4B37-81B1-25A908A0D5F5}.Debug|x86.ActiveCfg = Debug|Win32
		{56A57A6D-BB09-4B37-81B1-25A908A0D5F5}.Debug|x86.Build.0 = Debug|Win32
		{56A57A6D-BB09-4B37-81B1-25A908A0D5F5}.Release|x64.ActiveCfg = Release|x64
		{56A57A6D-BB09-4B37-81B1-25A908A0D5F5}.Release|x64.Build.0 = Release|x64
		{56A57A6D-BB09-4B37-81B1-25A908A0D5F5}.Release|x86.ActiveCfg = Release|Win32
		{56A57A6D-BB09-4B37-81B1-25A908A0D5F5}.Release|x86.Build.0 = Release|Win32
		{8FA5D9BC-AA95-4481-A678-885DB2A49C22}.Debug|x64.ActiveCfg = Debug|x64
		{8FA5D9BC-AA95-4481-A678-885DB2A49C22}.Debug|x64.Build.0 = Debug|x64
		{8FA5D9BC-AA95-4481-A678-885DB2A49C22}.Debug|x86.ActiveCfg = Debug|Win32
		{8FA5D9BC-AA95-4481-A678-885DB2A49C22}.Debug|x86.Build.0 = Debug|Win32
		{8FA5D9BC-AA95-4481-A678-885DB2A49C22}.Release|x64.ActiveCfg = Release|x64
		{8FA5D9BC-AA95-4481-A678-885DB2A49C22}.Release|x64.Build.0 = Release|x64
		{8FA5D9BC-AA95-4481-A678-885DB2A49C22}.Release|x86.ActiveCfg = Release|Win32
		{8FA5D9BC-AA95-4481-A678-885DB2A49C22}.Release|x86.Build.0 = Release|Win32
	EndGlobalSection
	GlobalSection(SolutionProperties) = preSolution
		HideSolutionNode = FALSE
	EndGlobalSection
	GlobalSection(ExtensibilityGlobals) = postSolution
		SolutionGuid = {A6C6E5C1-04CC-47EB-ABCD-2D18209436B1}
	EndGlobalSection
EndGlobal
